# This file is automatically @generated by Cargo.
# It is not intended for manual editing.
version = 4

[[package]]
name = "lumen"
version = "0.1.3"
dependencies = [
 "lumen-bind",
 "lumen-codegen",
 "lumen-common",
]

[[package]]
name = "lumen-bind"
version = "0.1.3"
dependencies = [
 "lumen-bind-macros",
 "lumen-common",
]

[[package]]
name = "lumen-bind-macros"
version = "0.1.3"

[[package]]
name = "lumen-codegen"
version = "0.1.3"

[[package]]
name = "lumen-common"
version = "0.1.3"

[[package]]
name = "lumen-ext-demo"
version = "0.1.0"
dependencies = [
 "lumen",
 "lumen-bind",
]
