# This file is automatically @generated by Cargo.
# It is not intended for manual editing.
version = 4

[[package]]
name = "lumen"
version = "0.1.3"
dependencies = [
 "lumen-codegen",
 "lumen-macros",
]

[[package]]
name = "lumen-codegen"
version = "0.1.3"

[[package]]
name = "lumen-ext-demo"
version = "0.1.0"
dependencies = [
 "lumen",
]

[[package]]
name = "lumen-macros"
version = "0.1.3"
